// !$*UTF8*$!
{
	archiveVersion = 1;
	classes = {
	};
	objectVersion = 55;
	objects = {

/* Begin PBXBuildFile section */
		842D9BB72782D9B700F025FC /* image4.jpeg in Resources */ = {isa = PBXBuildFile; fileRef = 842D9BB12782D9B700F025FC /* image4.jpeg */; };
		842D9BB82782D9B700F025FC /* image3.jpeg in Resources */ = {isa = PBXBuildFile; fileRef = 842D9BB22782D9B700F025FC /* image3.jpeg */; };
		842D9BB92782D9B700F025FC /* image5.jpeg in Resources */ = {isa = PBXBuildFile; fileRef = 842D9BB32782D9B700F025FC /* image5.jpeg */; };
		842D9BBA2782D9B700F025FC /* image2.jpeg in Resources */ = {isa = PBXBuildFile; fileRef = 842D9BB42782D9B700F025FC /* image2.jpeg */; };
		842D9BBB2782D9B700F025FC /* image6.jpeg in Resources */ = {isa = PBXBuildFile; fileRef = 842D9BB52782D9B700F025FC /* image6.jpeg */; };
		842D9BBC2782D9B700F025FC /* image1.jpeg in Resources */ = {isa = PBXBuildFile; fileRef = 842D9BB62782D9B700F025FC /* image1.jpeg */; };
		84B07B582781A3CB00472F19 /* AppDelegate.swift in Sources */ = {isa = PBXBuildFile; fileRef = 84B07B572781A3CB00472F19 /* AppDelegate.swift */; };
		84B07B5A2781A3CB00472F19 /* SceneDelegate.swift in Sources */ = {isa = PBXBuildFile; fileRef = 84B07B592781A3CB00472F19 /* SceneDelegate.swift */; };
		84B07B5C2781A3CB00472F19 /* ViewController.swift in Sources */ = {isa = PBXBuildFile; fileRef = 84B07B5B2781A3CB00472F19 /* ViewController.swift */; };
		84B07B5F2781A3CB00472F19 /* Main.storyboard in Resources */ = {isa = PBXBuildFile; fileRef = 84B07B5D2781A3CB00472F19 /* Main.storyboard */; };
		84B07B612781A3CE00472F19 /* Assets.xcassets in Resources */ = {isa = PBXBuildFile; fileRef = 84B07B602781A3CE00472F19 /* Assets.xcassets */; };
		84B07B642781A3CE00472F19 /* LaunchScreen.storyboard in Resources */ = {isa = PBXBuildFile; fileRef = 84B07B622781A3CE00472F19 /* LaunchScreen.storyboard */; };
		84B07B6D2781FD2200472F19 /* TabingCollectionViewCell.swift in Sources */ = {isa = PBXBuildFile; fileRef = 84B07B6C2781FD2200472F19 /* TabingCollectionViewCell.swift */; };
		84B07B6F2781FD3F00472F19 /* ProfileCollectionViewCell.swift in Sources */ = {isa = PBXBuildFile; fileRef = 84B07B6E2781FD3F00472F19 /* ProfileCollectionViewCell.swift */; };
		84B07B712781FD5200472F19 /* ActivityCollectionViewCell.swift in Sources */ = {isa = PBXBuildFile; fileRef = 84B07B702781FD5200472F19 /* ActivityCollectionViewCell.swift */; };
		84B07B732781FD8200472F19 /* DetailTableViewCell.swift in Sources */ = {isa = PBXBuildFile; fileRef = 84B07B722781FD8200472F19 /* DetailTableViewCell.swift */; };
		84B07B772781FE1800472F19 /* DashboardViewModel.swift in Sources */ = {isa = PBXBuildFile; fileRef = 84B07B762781FE1800472F19 /* DashboardViewModel.swift */; };
		84B07B79278204CA00472F19 /* models.swift in Sources */ = {isa = PBXBuildFile; fileRef = 84B07B78278204CA00472F19 /* models.swift */; };
/* End PBXBuildFile section */

/* Begin PBXFileReference section */
		842D9BB12782D9B700F025FC /* image4.jpeg */ = {isa = PBXFileReference; lastKnownFileType = image.jpeg; path = image4.jpeg; sourceTree = "<group>"; };
		842D9BB22782D9B700F025FC /* image3.jpeg */ = {isa = PBXFileReference; lastKnownFileType = image.jpeg; path = image3.jpeg; sourceTree = "<group>"; };
		842D9BB32782D9B700F025FC /* image5.jpeg */ = {isa = PBXFileReference; lastKnownFileType = image.jpeg; path = image5.jpeg; sourceTree = "<group>"; };
		842D9BB42782D9B700F025FC /* image2.jpeg */ = {isa = PBXFileReference; lastKnownFileType = image.jpeg; path = image2.jpeg; sourceTree = "<group>"; };
		842D9BB52782D9B700F025FC /* image6.jpeg */ = {isa = PBXFileReference; lastKnownFileType = image.jpeg; path = image6.jpeg; sourceTree = "<group>"; };
		842D9BB62782D9B700F025FC /* image1.jpeg */ = {isa = PBXFileReference; lastKnownFileType = image.jpeg; path = image1.jpeg; sourceTree = "<group>"; };
		84B07B542781A3CB00472F19 /* SampleDemoApp.app */ = {isa = PBXFileReference; explicitFileType = wrapper.application; includeInIndex = 0; path = SampleDemoApp.app; sourceTree = BUILT_PRODUCTS_DIR; };
		84B07B572781A3CB00472F19 /* AppDelegate.swift */ = {isa = PBXFileReference; lastKnownFileType = sourcecode.swift; path = AppDelegate.swift; sourceTree = "<group>"; };
		84B07B592781A3CB00472F19 /* SceneDelegate.swift */ = {isa = PBXFileReference; lastKnownFileType = sourcecode.swift; path = SceneDelegate.swift; sourceTree = "<group>"; };
		84B07B5B2781A3CB00472F19 /* ViewController.swift */ = {isa = PBXFileReference; lastKnownFileType = sourcecode.swift; path = ViewController.swift; sourceTree = "<group>"; };
		84B07B5E2781A3CB00472F19 /* Base */ = {isa = PBXFileReference; lastKnownFileType = file.storyboard; name = Base; path = Base.lproj/Main.storyboard; sourceTree = "<group>"; };
		84B07B602781A3CE00472F19 /* Assets.xcassets */ = {isa = PBXFileReference; lastKnownFileType = folder.assetcatalog; path = Assets.xcassets; sourceTree = "<group>"; };
		84B07B632781A3CE00472F19 /* Base */ = {isa = PBXFileReference; lastKnownFileType = file.storyboard; name = Base; path = Base.lproj/LaunchScreen.storyboard; sourceTree = "<group>"; };
		84B07B652781A3CE00472F19 /* Info.plist */ = {isa = PBXFileReference; lastKnownFileType = text.plist.xml; path = Info.plist; sourceTree = "<group>"; };
		84B07B6C2781FD2200472F19 /* TabingCollectionViewCell.swift */ = {isa = PBXFileReference; lastKnownFileType = sourcecode.swift; path = TabingCollectionViewCell.swift; sourceTree = "<group>"; };
		84B07B6E2781FD3F00472F19 /* ProfileCollectionViewCell.swift */ = {isa = PBXFileReference; lastKnownFileType = sourcecode.swift; path = ProfileCollectionViewCell.swift; sourceTree = "<group>"; };
		84B07B702781FD5200472F19 /* ActivityCollectionViewCell.swift */ = {isa = PBXFileReference; lastKnownFileType = sourcecode.swift; path = ActivityCollectionViewCell.swift; sourceTree = "<group>"; };
		84B07B722781FD8200472F19 /* DetailTableViewCell.swift */ = {isa = PBXFileReference; lastKnownFileType = sourcecode.swift; path = DetailTableViewCell.swift; sourceTree = "<group>"; };
		84B07B762781FE1800472F19 /* DashboardViewModel.swift */ = {isa = PBXFileReference; lastKnownFileType = sourcecode.swift; path = DashboardViewModel.swift; sourceTree = "<group>"; };
		84B07B78278204CA00472F19 /* models.swift */ = {isa = PBXFileReference; lastKnownFileType = sourcecode.swift; path = models.swift; sourceTree = "<group>"; };
/* End PBXFileReference section */

/* Begin PBXFrameworksBuildPhase section */
		84B07B512781A3CB00472F19 /* Frameworks */ = {
			isa = PBXFrameworksBuildPhase;
			buildActionMask = 2147483647;
			files = (
			);
			runOnlyForDeploymentPostprocessing = 0;
		};
/* End PBXFrameworksBuildPhase section */

/* Begin PBXGroup section */
		842D9BB02782D90B00F025FC /* Images */ = {
			isa = PBXGroup;
			children = (
				842D9BB62782D9B700F025FC /* image1.jpeg */,
				842D9BB42782D9B700F025FC /* image2.jpeg */,
				842D9BB22782D9B700F025FC /* image3.jpeg */,
				842D9BB12782D9B700F025FC /* image4.jpeg */,
				842D9BB32782D9B700F025FC /* image5.jpeg */,
				842D9BB52782D9B700F025FC /* image6.jpeg */,
			);
			path = Images;
			sourceTree = "<group>";
		};
		84B07B4B2781A3CB00472F19 = {
			isa = PBXGroup;
			children = (
				84B07B562781A3CB00472F19 /* SampleDemoApp */,
				84B07B552781A3CB00472F19 /* Products */,
			);
			sourceTree = "<group>";
		};
		84B07B552781A3CB00472F19 /* Products */ = {
			isa = PBXGroup;
			children = (
				84B07B542781A3CB00472F19 /* SampleDemoApp.app */,
			);
			name = Products;
			sourceTree = "<group>";
		};
		84B07B562781A3CB00472F19 /* SampleDemoApp */ = {
			isa = PBXGroup;
			children = (
				842D9BB02782D90B00F025FC /* Images */,
				84B07B752781FDBE00472F19 /* ViewModel */,
				84B07B742781FDAB00472F19 /* Model */,
				84B07B6B2781FCCB00472F19 /* Cells */,
				84B07B572781A3CB00472F19 /* AppDelegate.swift */,
				84B07B592781A3CB00472F19 /* SceneDelegate.swift */,
				84B07B5B2781A3CB00472F19 /* ViewController.swift */,
				84B07B5D2781A3CB00472F19 /* Main.storyboard */,
				84B07B602781A3CE00472F19 /* Assets.xcassets */,
				84B07B622781A3CE00472F19 /* LaunchScreen.storyboard */,
				84B07B652781A3CE00472F19 /* Info.plist */,
			);
			path = SampleDemoApp;
			sourceTree = "<group>";
		};
		84B07B6B2781FCCB00472F19 /* Cells */ = {
			isa = PBXGroup;
			children = (
				84B07B6C2781FD2200472F19 /* TabingCollectionViewCell.swift */,
				84B07B6E2781FD3F00472F19 /* ProfileCollectionViewCell.swift */,
				84B07B702781FD5200472F19 /* ActivityCollectionViewCell.swift */,
				84B07B722781FD8200472F19 /* DetailTableViewCell.swift */,
			);
			path = Cells;
			sourceTree = "<group>";
		};
		84B07B742781FDAB00472F19 /* Model */ = {
			isa = PBXGroup;
			children = (
				84B07B78278204CA00472F19 /* models.swift */,
			);
			path = Model;
			sourceTree = "<group>";
		};
		84B07B752781FDBE00472F19 /* ViewModel */ = {
			isa = PBXGroup;
			children = (
				84B07B762781FE1800472F19 /* DashboardViewModel.swift */,
			);
			path = ViewModel;
			sourceTree = "<group>";
		};
/* End PBXGroup section */

/* Begin PBXNativeTarget section */
		84B07B532781A3CB00472F19 /* SampleDemoApp */ = {
			isa = PBXNativeTarget;
			buildConfigurationList = 84B07B682781A3CE00472F19 /* Build configuration list for PBXNativeTarget "SampleDemoApp" */;
			buildPhases = (
				84B07B502781A3CB00472F19 /* Sources */,
				84B07B512781A3CB00472F19 /* Frameworks */,
				84B07B522781A3CB00472F19 /* Resources */,
			);
			buildRules = (
			);
			dependencies = (
			);
			name = SampleDemoApp;
			productName = SampleDemoApp;
			productReference = 84B07B542781A3CB00472F19 /* SampleDemoApp.app */;
			productType = "com.apple.product-type.application";
		};
/* End PBXNativeTarget section */

/* Begin PBXProject section */
		84B07B4C2781A3CB00472F19 /* Project object */ = {
			isa = PBXProject;
			attributes = {
				BuildIndependentTargetsInParallel = 1;
				LastSwiftUpdateCheck = 1300;
				LastUpgradeCheck = 1300;
				TargetAttributes = {
					84B07B532781A3CB00472F19 = {
						CreatedOnToolsVersion = 13.0;
					};
				};
			};
			buildConfigurationList = 84B07B4F2781A3CB00472F19 /* Build configuration list for PBXProject "SampleDemoApp" */;
			compatibilityVersion = "Xcode 13.0";
			developmentRegion = en;
			hasScannedForEncodings = 0;
			knownRegions = (
				en,
				Base,
			);
			mainGroup = 84B07B4B2781A3CB00472F19;
			productRefGroup = 84B07B552781A3CB00472F19 /* Products */;
			projectDirPath = "";
			projectRoot = "";
			targets = (
				84B07B532781A3CB00472F19 /* SampleDemoApp */,
			);
		};
/* End PBXProject section */

/* Begin PBXResourcesBuildPhase section */
		84B07B522781A3CB00472F19 /* Resources */ = {
			isa = PBXResourcesBuildPhase;
			buildActionMask = 2147483647;
			files = (
				842D9BBB2782D9B700F025FC /* image6.jpeg in Resources */,
				84B07B642781A3CE00472F19 /* LaunchScreen.storyboard in Resources */,
				842D9BBC2782D9B700F025FC /* image1.jpeg in Resources */,
				842D9BBA2782D9B700F025FC /* image2.jpeg in Resources */,
				84B07B612781A3CE00472F19 /* Assets.xcassets in Resources */,
				842D9BB72782D9B700F025FC /* image4.jpeg in Resources */,
				84B07B5F2781A3CB00472F19 /* Main.storyboard in Resources */,
				842D9BB82782D9B700F025FC /* image3.jpeg in Resources */,
				842D9BB92782D9B700F025FC /* image5.jpeg in Resources */,
			);
			runOnlyForDeploymentPostprocessing = 0;
		};
/* End PBXResourcesBuildPhase section */

/* Begin PBXSourcesBuildPhase section */
		84B07B502781A3CB00472F19 /* Sources */ = {
			isa = PBXSourcesBuildPhase;
			buildActionMask = 2147483647;
			files = (
				84B07B5C2781A3CB00472F19 /* ViewController.swift in Sources */,
				84B07B6D2781FD2200472F19 /* TabingCollectionViewCell.swift in Sources */,
				84B07B732781FD8200472F19 /* DetailTableViewCell.swift in Sources */,
				84B07B712781FD5200472F19 /* ActivityCollectionViewCell.swift in Sources */,
				84B07B582781A3CB00472F19 /* AppDelegate.swift in Sources */,
				84B07B772781FE1800472F19 /* DashboardViewModel.swift in Sources */,
				84B07B5A2781A3CB00472F19 /* SceneDelegate.swift in Sources */,
				84B07B79278204CA00472F19 /* models.swift in Sources */,
				84B07B6F2781FD3F00472F19 /* ProfileCollectionViewCell.swift in Sources */,
			);
			runOnlyForDeploymentPostprocessing = 0;
		};
/* End PBXSourcesBuildPhase section */

/* Begin PBXVariantGroup section */
		84B07B5D2781A3CB00472F19 /* Main.storyboard */ = {
			isa = PBXVariantGroup;
			children = (
				84B07B5E2781A3CB00472F19 /* Base */,
			);
			name = Main.storyboard;
			sourceTree = "<group>";
		};
		84B07B622781A3CE00472F19 /* LaunchScreen.storyboard */ = {
			isa = PBXVariantGroup;
			children = (
				84B07B632781A3CE00472F19 /* Base */,
			);
			name = LaunchScreen.storyboard;
			sourceTree = "<group>";
		};
/* End PBXVariantGroup section */

/* Begin XCBuildConfiguration section */
		84B07B662781A3CE00472F19 /* Debug */ = {
			isa = XCBuildConfiguration;
			buildSettings = {
				ALWAYS_SEARCH_USER_PATHS = NO;
				CLANG_ANALYZER_NONNULL = YES;
				CLANG_ANALYZER_NUMBER_OBJECT_CONVERSION = YES_AGGRESSIVE;
				CLANG_CXX_LANGUAGE_STANDARD = "gnu++17";
				CLANG_CXX_LIBRARY = "libc++";
				CLANG_ENABLE_MODULES = YES;
				CLANG_ENABLE_OBJC_ARC = YES;
				CLANG_ENABLE_OBJC_WEAK = YES;
				CLANG_WARN_BLOCK_CAPTURE_AUTORELEASING = YES;
				CLANG_WARN_BOOL_CONVERSION = YES;
				CLANG_WARN_COMMA = YES;
				CLANG_WARN_CONSTANT_CONVERSION = YES;
				CLANG_WARN_DEPRECATED_OBJC_IMPLEMENTATIONS = YES;
				CLANG_WARN_DIRECT_OBJC_ISA_USAGE = YES_ERROR;
				CLANG_WARN_DOCUMENTATION_COMMENTS = YES;
				CLANG_WARN_EMPTY_BODY = YES;
				CLANG_WARN_ENUM_CONVERSION = YES;
				CLANG_WARN_INFINITE_RECURSION = YES;
				CLANG_WARN_INT_CONVERSION = YES;
				CLANG_WARN_NON_LITERAL_NULL_CONVERSION = YES;
				CLANG_WARN_OBJC_IMPLICIT_RETAIN_SELF = YES;
				CLANG_WARN_OBJC_LITERAL_CONVERSION = YES;
				CLANG_WARN_OBJC_ROOT_CLASS = YES_ERROR;
				CLANG_WARN_QUOTED_INCLUDE_IN_FRAMEWORK_HEADER = YES;
				CLANG_WARN_RANGE_LOOP_ANALYSIS = YES;
				CLANG_WARN_STRICT_PROTOTYPES = YES;
				CLANG_WARN_SUSPICIOUS_MOVE = YES;
				CLANG_WARN_UNGUARDED_AVAILABILITY = YES_AGGRESSIVE;
				CLANG_WARN_UNREACHABLE_CODE = YES;
				CLANG_WARN__DUPLICATE_METHOD_MATCH = YES;
				COPY_PHASE_STRIP = NO;
				DEBUG_INFORMATION_FORMAT = dwarf;
				ENABLE_STRICT_OBJC_MSGSEND = YES;
				ENABLE_TESTABILITY = YES;
				GCC_C_LANGUAGE_STANDARD = gnu11;
				GCC_DYNAMIC_NO_PIC = NO;
				GCC_NO_COMMON_BLOCKS = YES;
				GCC_OPTIMIZATION_LEVEL = 0;
				GCC_PREPROCESSOR_DEFINITIONS = (
					"DEBUG=1",
					"$(inherited)",
				);
				GCC_WARN_64_TO_32_BIT_CONVERSION = YES;
				GCC_WARN_ABOUT_RETURN_TYPE = YES_ERROR;
				GCC_WARN_UNDECLARED_SELECTOR = YES;
				GCC_WARN_UNINITIALIZED_AUTOS = YES_AGGRESSIVE;
				GCC_WARN_UNUSED_FUNCTION = YES;
				GCC_WARN_UNUSED_VARIABLE = YES;
				IPHONEOS_DEPLOYMENT_TARGET = 15.0;
				MTL_ENABLE_DEBUG_INFO = INCLUDE_SOURCE;
				MTL_FAST_MATH = YES;
				ONLY_ACTIVE_ARCH = YES;
				SDKROOT = iphoneos;
				SWIFT_ACTIVE_COMPILATION_CONDITIONS = DEBUG;
				SWIFT_OPTIMIZATION_LEVEL = "-Onone";
			};
			name = Debug;
		};
		84B07B672781A3CE00472F19 /* Release */ = {
			isa = XCBuildConfiguration;
			buildSettings = {
				ALWAYS_SEARCH_USER_PATHS = NO;
				CLANG_ANALYZER_NONNULL = YES;
				CLANG_ANALYZER_NUMBER_OBJECT_CONVERSION = YES_AGGRESSIVE;
				CLANG_CXX_LANGUAGE_STANDARD = "gnu++17";
				CLANG_CXX_LIBRARY = "libc++";
				CLANG_ENABLE_MODULES = YES;
				CLANG_ENABLE_OBJC_ARC = YES;
				CLANG_ENABLE_OBJC_WEAK = YES;
				CLANG_WARN_BLOCK_CAPTURE_AUTORELEASING = YES;
				CLANG_WARN_BOOL_CONVERSION = YES;
				CLANG_WARN_COMMA = YES;
				CLANG_WARN_CONSTANT_CONVERSION = YES;
				CLANG_WARN_DEPRECATED_OBJC_IMPLEMENTATIONS = YES;
				CLANG_WARN_DIRECT_OBJC_ISA_USAGE = YES_ERROR;
				CLANG_WARN_DOCUMENTATION_COMMENTS = YES;
				CLANG_WARN_EMPTY_BODY = YES;
				CLANG_WARN_ENUM_CONVERSION = YES;
				CLANG_WARN_INFINITE_RECURSION = YES;
				CLANG_WARN_INT_CONVERSION = YES;
				CLANG_WARN_NON_LITERAL_NULL_CONVERSION = YES;
				CLANG_WARN_OBJC_IMPLICIT_RETAIN_SELF = YES;
				CLANG_WARN_OBJC_LITERAL_CONVERSION = YES;
				CLANG_WARN_OBJC_ROOT_CLASS = YES_ERROR;
				CLANG_WARN_QUOTED_INCLUDE_IN_FRAMEWORK_HEADER = YES;
				CLANG_WARN_RANGE_LOOP_ANALYSIS = YES;
				CLANG_WARN_STRICT_PROTOTYPES = YES;
				CLANG_WARN_SUSPICIOUS_MOVE = YES;
				CLANG_WARN_UNGUARDED_AVAILABILITY = YES_AGGRESSIVE;
				CLANG_WARN_UNREACHABLE_CODE = YES;
				CLANG_WARN__DUPLICATE_METHOD_MATCH = YES;
				COPY_PHASE_STRIP = NO;
				DEBUG_INFORMATION_FORMAT = "dwarf-with-dsym";
				ENABLE_NS_ASSERTIONS = NO;
				ENABLE_STRICT_OBJC_MSGSEND = YES;
				GCC_C_LANGUAGE_STANDARD = gnu11;
				GCC_NO_COMMON_BLOCKS = YES;
				GCC_WARN_64_TO_32_BIT_CONVERSION = YES;
				GCC_WARN_ABOUT_RETURN_TYPE = YES_ERROR;
				GCC_WARN_UNDECLARED_SELECTOR = YES;
				GCC_WARN_UNINITIALIZED_AUTOS = YES_AGGRESSIVE;
				GCC_WARN_UNUSED_FUNCTION = YES;
				GCC_WARN_UNUSED_VARIABLE = YES;
				IPHONEOS_DEPLOYMENT_TARGET = 15.0;
				MTL_ENABLE_DEBUG_INFO = NO;
				MTL_FAST_MATH = YES;
				SDKROOT = iphoneos;
				SWIFT_COMPILATION_MODE = wholemodule;
				SWIFT_OPTIMIZATION_LEVEL = "-O";
				VALIDATE_PRODUCT = YES;
			};
			name = Release;
		};
		84B07B692781A3CE00472F19 /* Debug */ = {
			isa = XCBuildConfiguration;
			buildSettings = {
				ASSETCATALOG_COMPILER_APPICON_NAME = AppIcon;
				ASSETCATALOG_COMPILER_GLOBAL_ACCENT_COLOR_NAME = AccentColor;
				CODE_SIGN_STYLE = Automatic;
				CURRENT_PROJECT_VERSION = 1;
				DEVELOPMENT_TEAM = R4F83N6V98;
				GENERATE_INFOPLIST_FILE = YES;
				INFOPLIST_FILE = SampleDemoApp/Info.plist;
				INFOPLIST_KEY_UIApplicationSupportsIndirectInputEvents = YES;
				INFOPLIST_KEY_UILaunchStoryboardName = LaunchScreen;
				INFOPLIST_KEY_UIMainStoryboardFile = Main;
				INFOPLIST_KEY_UISupportedInterfaceOrientations_iPad = "UIInterfaceOrientationPortrait UIInterfaceOrientationPortraitUpsideDown UIInterfaceOrientationLandscapeLeft UIInterfaceOrientationLandscapeRight";
				INFOPLIST_KEY_UISupportedInterfaceOrientations_iPhone = "UIInterfaceOrientationPortrait UIInterfaceOrientationLandscapeLeft UIInterfaceOrientationLandscapeRight";
				LD_RUNPATH_SEARCH_PATHS = (
					"$(inherited)",
					"@executable_path/Frameworks",
				);
				MARKETING_VERSION = 1.0;
				PRODUCT_BUNDLE_IDENTIFIER = com.henryschein.HSPortal.SampleDemoApp;
				PRODUCT_NAME = "$(TARGET_NAME)";
				SWIFT_EMIT_LOC_STRINGS = YES;
				SWIFT_VERSION = 5.0;
				TARGETED_DEVICE_FAMILY = "1,2";
			};
			name = Debug;
		};
		84B07B6A2781A3CE00472F19 /* Release */ = {
			isa = XCBuildConfiguration;
			buildSettings = {
				ASSETCATALOG_COMPILER_APPICON_NAME = AppIcon;
				ASSETCATALOG_COMPILER_GLOBAL_ACCENT_COLOR_NAME = AccentColor;
				CODE_SIGN_STYLE = Automatic;
				CURRENT_PROJECT_VERSION = 1;
				DEVELOPMENT_TEAM = R4F83N6V98;
				GENERATE_INFOPLIST_FILE = YES;
				INFOPLIST_FILE = SampleDemoApp/Info.plist;
				INFOPLIST_KEY_UIApplicationSupportsIndirectInputEvents = YES;
				INFOPLIST_KEY_UILaunchStoryboardName = LaunchScreen;
				INFOPLIST_KEY_UIMainStoryboardFile = Main;
				INFOPLIST_KEY_UISupportedInterfaceOrientations_iPad = "UIInterfaceOrientationPortrait UIInterfaceOrientationPortraitUpsideDown UIInterfaceOrientationLandscapeLeft UIInterfaceOrientationLandscapeRight";
				INFOPLIST_KEY_UISupportedInterfaceOrientations_iPhone = "UIInterfaceOrientationPortrait UIInterfaceOrientationLandscapeLeft UIInterfaceOrientationLandscapeRight";
				LD_RUNPATH_SEARCH_PATHS = (
					"$(inherited)",
					"@executable_path/Frameworks",
				);
				MARKETING_VERSION = 1.0;
				PRODUCT_BUNDLE_IDENTIFIER = com.henryschein.HSPortal.SampleDemoApp;
				PRODUCT_NAME = "$(TARGET_NAME)";
				SWIFT_EMIT_LOC_STRINGS = YES;
				SWIFT_VERSION = 5.0;
				TARGETED_DEVICE_FAMILY = "1,2";
			};
			name = Release;
		};
/* End XCBuildConfiguration section */

/* Begin XCConfigurationList section */
		84B07B4F2781A3CB00472F19 /* Build configuration list for PBXProject "SampleDemoApp" */ = {
			isa = XCConfigurationList;
			buildConfigurations = (
				84B07B662781A3CE00472F19 /* Debug */,
				84B07B672781A3CE00472F19 /* Release */,
			);
			defaultConfigurationIsVisible = 0;
			defaultConfigurationName = Release;
		};
		84B07B682781A3CE00472F19 /* Build configuration list for PBXNativeTarget "SampleDemoApp" */ = {
			isa = XCConfigurationList;
			buildConfigurations = (
				84B07B692781A3CE00472F19 /* Debug */,
				84B07B6A2781A3CE00472F19 /* Release */,
			);
			defaultConfigurationIsVisible = 0;
			defaultConfigurationName = Release;
		};
/* End XCConfigurationList section */
	};
	rootObject = 84B07B4C2781A3CB00472F19 /* Project object */;
}
